
Microsoft Visual Studio Solution File, Format Version 12.00
# Visual Studio Version 16
VisualStudioVersion = 16.0.808.0
MinimumVisualStudioVersion = 10.0.40219.1
Project("{FAE04EC0-301F-11D3-BF4B-00C04F79EFBC}") = "Emporos.Core", "Emporos.Core\Emporos.Core.csproj", "{3816FF43-0FEB-4DFD-90D4-2B506257CAE8}"
EndProject
Project("{FAE04EC0-301F-11D3-BF4B-00C04F79EFBC}") = "Emporos.Data", "Emporos.Data\Emporos.Data.csproj", "{B19D9071-9BB5-46EF-BEB7-847A5A1F55AA}"
EndProject
Project("{FAE04EC0-301F-11D3-BF4B-00C04F79EFBC}") = "Emporos.Model", "Emporos.Model\Emporos.Model.csproj", "{D0ED9C4A-2418-4738-B275-3CE37EE8769A}"
EndProject
Project("{FAE04EC0-301F-11D3-BF4B-00C04F79EFBC}") = "Emporos.Api", "Emporos.Api\Emporos.Api.csproj", "{C0F6B33E-E529-446F-BAD6-913AC027DD1F}"
EndProject
Project("{FAE04EC0-301F-11D3-BF4B-00C04F79EFBC}") = "Emporos.Services", "Emporos.Services\Emporos.Services.csproj", "{55D738B0-F878-4D5E-B6BF-96440832646F}"
EndProject
Global
	GlobalSection(SolutionConfigurationPlatforms) = preSolution
		Debug|Any CPU = Debug|Any CPU
		Release|Any CPU = Release|Any CPU
	EndGlobalSection
	GlobalSection(ProjectConfigurationPlatforms) = postSolution
		{3816FF43-0FEB-4DFD-90D4-2B506257CAE8}.Debug|Any CPU.ActiveCfg = Debug|Any CPU
		{3816FF43-0FEB-4DFD-90D4-2B506257CAE8}.Debug|Any CPU.Build.0 = Debug|Any CPU
		{3816FF43-0FEB-4DFD-90D4-2B506257CAE8}.Release|Any CPU.ActiveCfg = Release|Any CPU
		{3816FF43-0FEB-4DFD-90D4-2B506257CAE8}.Release|Any CPU.Build.0 = Release|Any CPU
		{B19D9071-9BB5-46EF-BEB7-847A5A1F55AA}.Debug|Any CPU.ActiveCfg = Debug|Any CPU
		{B19D9071-9BB5-46EF-BEB7-847A5A1F55AA}.Debug|Any CPU.Build.0 = Debug|Any CPU
		{B19D9071-9BB5-46EF-BEB7-847A5A1F55AA}.Release|Any CPU.ActiveCfg = Release|Any CPU
		{B19D9071-9BB5-46EF-BEB7-847A5A1F55AA}.Release|Any CPU.Build.0 = Release|Any CPU
		{D0ED9C4A-2418-4738-B275-3CE37EE8769A}.Debug|Any CPU.ActiveCfg = Debug|Any CPU
		{D0ED9C4A-2418-4738-B275-3CE37EE8769A}.Debug|Any CPU.Build.0 = Debug|Any CPU
		{D0ED9C4A-2418-4738-B275-3CE37EE8769A}.Release|Any CPU.ActiveCfg = Release|Any CPU
		{D0ED9C4A-2418-4738-B275-3CE37EE8769A}.Release|Any CPU.Build.0 = Release|Any CPU
		{C0F6B33E-E529-446F-BAD6-913AC027DD1F}.Debug|Any CPU.ActiveCfg = Debug|Any CPU
		{C0F6B33E-E529-446F-BAD6-913AC027DD1F}.Debug|Any CPU.Build.0 = Debug|Any CPU
		{C0F6B33E-E529-446F-BAD6-913AC027DD1F}.Release|Any CPU.ActiveCfg = Release|Any CPU
		{C0F6B33E-E529-446F-BAD6-913AC027DD1F}.Release|Any CPU.Build.0 = Release|Any CPU
		{55D738B0-F878-4D5E-B6BF-96440832646F}.Debug|Any CPU.ActiveCfg = Debug|Any CPU
		{55D738B0-F878-4D5E-B6BF-96440832646F}.Debug|Any CPU.Build.0 = Debug|Any CPU
		{55D738B0-F878-4D5E-B6BF-96440832646F}.Release|Any CPU.ActiveCfg = Release|Any CPU
		{55D738B0-F878-4D5E-B6BF-96440832646F}.Release|Any CPU.Build.0 = Release|Any CPU
	EndGlobalSection
	GlobalSection(SolutionProperties) = preSolution
		HideSolutionNode = FALSE
	EndGlobalSection
	GlobalSection(ExtensibilityGlobals) = postSolution
		SolutionGuid = {69A707AE-A760-4682-A0FF-5CCD81DF7750}
	EndGlobalSection
EndGlobal
